
Microsoft Visual Studio Solution File, Format Version 12.00
# Visual Studio 15
VisualStudioVersion = 15.0.28307.902
MinimumVisualStudioVersion = 10.0.40219.1
Project("{FAE04EC0-301F-11D3-BF4B-00C04F79EFBC}") = "ClienteWebForm", "ClienteWebForm\ClienteWebForm.csproj", "{B2922F6A-E5C7-47A2-B9B4-4D559FD67097}"
EndProject
Global
	GlobalSection(SolutionConfigurationPlatforms) = preSolution
		Debug|Any CPU = Debug|Any CPU
		Release|Any CPU = Release|Any CPU
	EndGlobalSection
	GlobalSection(ProjectConfigurationPlatforms) = postSolution
		{B2922F6A-E5C7-47A2-B9B4-4D559FD67097}.Debug|Any CPU.ActiveCfg = Debug|Any CPU
		{B2922F6A-E5C7-47A2-B9B4-4D559FD67097}.Debug|Any CPU.Build.0 = Debug|Any CPU
		{B2922F6A-E5C7-47A2-B9B4-4D559FD67097}.Release|Any CPU.ActiveCfg = Release|Any CPU
		{B2922F6A-E5C7-47A2-B9B4-4D559FD67097}.Release|Any CPU.Build.0 = Release|Any CPU
	EndGlobalSection
	GlobalSection(SolutionProperties) = preSolution
		HideSolutionNode = FALSE
	EndGlobalSection
	GlobalSection(ExtensibilityGlobals) = postSolution
		SolutionGuid = {27F86F09-76EB-452C-BDED-5B7F076984DA}
	EndGlobalSection
EndGlobal
