
Microsoft Visual Studio Solution File, Format Version 12.00
# Visual Studio 15
VisualStudioVersion = 15.0.28307.902
MinimumVisualStudioVersion = 10.0.40219.1
Project("{FAE04EC0-301F-11D3-BF4B-00C04F79EFBC}") = "Clase4", "Clase4\Clase4.csproj", "{7A112499-663C-402F-9F27-0E512FF26063}"
EndProject
Global
	GlobalSection(SolutionConfigurationPlatforms) = preSolution
		Debug|Any CPU = Debug|Any CPU
		Release|Any CPU = Release|Any CPU
	EndGlobalSection
	GlobalSection(ProjectConfigurationPlatforms) = postSolution
		{7A112499-663C-402F-9F27-0E512FF26063}.Debug|Any CPU.ActiveCfg = Debug|Any CPU
		{7A112499-663C-402F-9F27-0E512FF26063}.Debug|Any CPU.Build.0 = Debug|Any CPU
		{7A112499-663C-402F-9F27-0E512FF26063}.Release|Any CPU.ActiveCfg = Release|Any CPU
		{7A112499-663C-402F-9F27-0E512FF26063}.Release|Any CPU.Build.0 = Release|Any CPU
	EndGlobalSection
	GlobalSection(SolutionProperties) = preSolution
		HideSolutionNode = FALSE
	EndGlobalSection
	GlobalSection(ExtensibilityGlobals) = postSolution
		SolutionGuid = {C05DD4C3-004A-4274-8CBC-DB57C169CA77}
	EndGlobalSection
EndGlobal
